
Microsoft Visual Studio Solution File, Format Version 12.00
# Visual Studio 14
VisualStudioVersion = 14.0.25123.0
MinimumVisualStudioVersion = 10.0.40219.1
Project("{FAE04EC0-301F-11D3-BF4B-00C04F79EFBC}") = "Server Application Console", "Server Application Console\Server Application Console.csproj", "{6F2E490C-75F7-4E37-A14C-434AD48656BB}"
EndProject
Global
	GlobalSection(SolutionConfigurationPlatforms) = preSolution
		Debug|Any CPU = Debug|Any CPU
		Release|Any CPU = Release|Any CPU
	EndGlobalSection
	GlobalSection(ProjectConfigurationPlatforms) = postSolution
		{6F2E490C-75F7-4E37-A14C-434AD48656BB}.Debug|Any CPU.ActiveCfg = Debug|Any CPU
		{6F2E490C-75F7-4E37-A14C-434AD48656BB}.Debug|Any CPU.Build.0 = Debug|Any CPU
		{6F2E490C-75F7-4E37-A14C-434AD48656BB}.Release|Any CPU.ActiveCfg = Release|Any CPU
		{6F2E490C-75F7-4E37-A14C-434AD48656BB}.Release|Any CPU.Build.0 = Release|Any CPU
	EndGlobalSection
	GlobalSection(SolutionProperties) = preSolution
		HideSolutionNode = FALSE
	EndGlobalSection
EndGlobal
